PODS:
  - QRCodeScannerFramework (1.0.1)

DEPENDENCIES:
  - QRCodeScannerFramework (from `https://github.com/husseinkishk/QRCodeScannerFramework.git`, tag `1.0.2`)

EXTERNAL SOURCES:
  QRCodeScannerFramework:
    :git: https://github.com/husseinkishk/QRCodeScannerFramework.git
    :tag: 1.0.2

CHECKOUT OPTIONS:
  QRCodeScannerFramework:
    :git: https://github.com/husseinkishk/QRCodeScannerFramework.git
    :tag: 1.0.2

SPEC CHECKSUMS:
  QRCodeScannerFramework: d773ea5a7fda110a6c08ab4fa6b2e98f8cb678ac

PODFILE CHECKSUM: 55270fe1e5f019429c95ec9b647fe8767f839e95

COCOAPODS: 1.5.0.beta.1
